{
  "name": "foundry-pc-types",
  "version": "0.1.0",
  "lockfileVersion": 1,
  "requires": true,
  "dependencies": {
    "@types/jquery": {
      "version": "3.3.31",
      "resolved": "https://registry.npmjs.org/@types/jquery/-/jquery-3.3.31.tgz",
      "integrity": "sha512-Lz4BAJihoFw5nRzKvg4nawXPzutkv7wmfQ5121avptaSIXlDNJCUuxZxX/G+9EVidZGuO0UBlk+YjKbwRKJigg==",
      "requires": {
        "@types/sizzle": "*"
      }
    },
    "@types/node": {
      "version": "13.1.6",
      "resolved": "https://registry.npmjs.org/@types/node/-/node-13.1.6.tgz",
      "integrity": "sha512-Jg1F+bmxcpENHP23sVKkNuU3uaxPnsBMW0cLjleiikFKomJQbsn0Cqk2yDvQArqzZN6ABfBkZ0To7pQ8sLdWDg=="
    },
    "@types/sizzle": {
      "version": "2.3.2",
      "resolved": "https://registry.npmjs.org/@types/sizzle/-/sizzle-2.3.2.tgz",
      "integrity": "sha512-7EJYyKTL7tFR8+gDbB6Wwz/arpGa0Mywk1TJbNzKzHtzbwVmY4HR9WqS5VV7dsBUKQmPNr192jHr/VpBluj/hg=="
    },
    "@types/socket.io": {
      "version": "2.1.4",
      "resolved": "https://registry.npmjs.org/@types/socket.io/-/socket.io-2.1.4.tgz",
      "integrity": "sha512-cI98INy7tYnweTsUlp8ocveVdAxENUThO0JsLSCs51cjOP2yV5Mqo5QszMDPckyRRA+PO6+wBgKvGvHUCc23TQ==",
      "requires": {
        "@types/node": "*"
      }
    }
  }
}
